
Microsoft Visual Studio Solution File, Format Version 12.00
# Visual Studio Version 16
VisualStudioVersion = 16.0.30804.86
MinimumVisualStudioVersion = 10.0.40219.1
Project("{9A19103F-16F7-4668-BE54-9A1E7A4F7556}") = "SendTestMessageZNS.Service", "SendTestMessageZNS.Service\SendTestMessageZNS.Service.csproj", "{0BD7FE41-8C11-4165-97A9-13CEC77919F4}"
EndProject
Project("{9A19103F-16F7-4668-BE54-9A1E7A4F7556}") = "SendTestMessageZNS.WebApp", "SendTestMessageZNS.WebApp\SendTestMessageZNS.WebApp.csproj", "{6CCA56A6-E8A9-4D1B-A9FD-4AFE5F7F916F}"
EndProject
Global
	GlobalSection(SolutionConfigurationPlatforms) = preSolution
		Debug|Any CPU = Debug|Any CPU
		Release|Any CPU = Release|Any CPU
	EndGlobalSection
	GlobalSection(ProjectConfigurationPlatforms) = postSolution
		{0BD7FE41-8C11-4165-97A9-13CEC77919F4}.Debug|Any CPU.ActiveCfg = Debug|Any CPU
		{0BD7FE41-8C11-4165-97A9-13CEC77919F4}.Debug|Any CPU.Build.0 = Debug|Any CPU
		{0BD7FE41-8C11-4165-97A9-13CEC77919F4}.Release|Any CPU.ActiveCfg = Release|Any CPU
		{0BD7FE41-8C11-4165-97A9-13CEC77919F4}.Release|Any CPU.Build.0 = Release|Any CPU
		{6CCA56A6-E8A9-4D1B-A9FD-4AFE5F7F916F}.Debug|Any CPU.ActiveCfg = Debug|Any CPU
		{6CCA56A6-E8A9-4D1B-A9FD-4AFE5F7F916F}.Debug|Any CPU.Build.0 = Debug|Any CPU
		{6CCA56A6-E8A9-4D1B-A9FD-4AFE5F7F916F}.Release|Any CPU.ActiveCfg = Release|Any CPU
		{6CCA56A6-E8A9-4D1B-A9FD-4AFE5F7F916F}.Release|Any CPU.Build.0 = Release|Any CPU
	EndGlobalSection
	GlobalSection(SolutionProperties) = preSolution
		HideSolutionNode = FALSE
	EndGlobalSection
	GlobalSection(ExtensibilityGlobals) = postSolution
		SolutionGuid = {3EAE3DF4-DB34-495B-9A72-EFB840C037FF}
	EndGlobalSection
EndGlobal
